// !$*UTF8*$!
{
	archiveVersion = 1;
	classes = {
	};
	objectVersion = 50;
	objects = {

/* Begin PBXBuildFile section */
		3D18057924B1093D008E9C64 /* AppDelegate.swift in Sources */ = {isa = PBXBuildFile; fileRef = 3D18057824B1093D008E9C64 /* AppDelegate.swift */; };
		3D18057B24B1093D008E9C64 /* SceneDelegate.swift in Sources */ = {isa = PBXBuildFile; fileRef = 3D18057A24B1093D008E9C64 /* SceneDelegate.swift */; };
		3D18058024B1093D008E9C64 /* Main.storyboard in Resources */ = {isa = PBXBuildFile; fileRef = 3D18057E24B1093D008E9C64 /* Main.storyboard */; };
		3D18058224B10942008E9C64 /* Assets.xcassets in Resources */ = {isa = PBXBuildFile; fileRef = 3D18058124B10942008E9C64 /* Assets.xcassets */; };
		3D18058524B10942008E9C64 /* LaunchScreen.storyboard in Resources */ = {isa = PBXBuildFile; fileRef = 3D18058324B10942008E9C64 /* LaunchScreen.storyboard */; };
		3D18059924B109E4008E9C64 /* Alert.swift in Sources */ = {isa = PBXBuildFile; fileRef = 3D18058D24B109E4008E9C64 /* Alert.swift */; };
		3D18059A24B109E4008E9C64 /* CommonExtensions.swift in Sources */ = {isa = PBXBuildFile; fileRef = 3D18058E24B109E4008E9C64 /* CommonExtensions.swift */; };
		3D18059B24B109E4008E9C64 /* AppNavigator.swift in Sources */ = {isa = PBXBuildFile; fileRef = 3D18058F24B109E4008E9C64 /* AppNavigator.swift */; };
		3D18059C24B109E4008E9C64 /* NetworkManager.swift in Sources */ = {isa = PBXBuildFile; fileRef = 3D18059024B109E4008E9C64 /* NetworkManager.swift */; };
		3D18059D24B109E4008E9C64 /* AsyncDownloadingImageView.swift in Sources */ = {isa = PBXBuildFile; fileRef = 3D18059124B109E4008E9C64 /* AsyncDownloadingImageView.swift */; };
		3D18059E24B109E4008E9C64 /* Results.swift in Sources */ = {isa = PBXBuildFile; fileRef = 3D18059324B109E4008E9C64 /* Results.swift */; };
		3D18059F24B109E4008E9C64 /* TopAlbumsListViewController.swift in Sources */ = {isa = PBXBuildFile; fileRef = 3D18059524B109E4008E9C64 /* TopAlbumsListViewController.swift */; };
		3D1805A024B109E4008E9C64 /* AlbumDetailViewController.swift in Sources */ = {isa = PBXBuildFile; fileRef = 3D18059624B109E4008E9C64 /* AlbumDetailViewController.swift */; };
		3D1805A124B109E4008E9C64 /* TopAlbumCell.swift in Sources */ = {isa = PBXBuildFile; fileRef = 3D18059824B109E4008E9C64 /* TopAlbumCell.swift */; };
/* End PBXBuildFile section */

/* Begin PBXFileReference section */
		3D18057524B1093D008E9C64 /* ITunesTopAlbumDemo.app */ = {isa = PBXFileReference; explicitFileType = wrapper.application; includeInIndex = 0; path = ITunesTopAlbumDemo.app; sourceTree = BUILT_PRODUCTS_DIR; };
		3D18057824B1093D008E9C64 /* AppDelegate.swift */ = {isa = PBXFileReference; lastKnownFileType = sourcecode.swift; path = AppDelegate.swift; sourceTree = "<group>"; };
		3D18057A24B1093D008E9C64 /* SceneDelegate.swift */ = {isa = PBXFileReference; lastKnownFileType = sourcecode.swift; path = SceneDelegate.swift; sourceTree = "<group>"; };
		3D18057F24B1093D008E9C64 /* Base */ = {isa = PBXFileReference; lastKnownFileType = file.storyboard; name = Base; path = Base.lproj/Main.storyboard; sourceTree = "<group>"; };
		3D18058124B10942008E9C64 /* Assets.xcassets */ = {isa = PBXFileReference; lastKnownFileType = folder.assetcatalog; path = Assets.xcassets; sourceTree = "<group>"; };
		3D18058424B10942008E9C64 /* Base */ = {isa = PBXFileReference; lastKnownFileType = file.storyboard; name = Base; path = Base.lproj/LaunchScreen.storyboard; sourceTree = "<group>"; };
		3D18058624B10942008E9C64 /* Info.plist */ = {isa = PBXFileReference; lastKnownFileType = text.plist.xml; path = Info.plist; sourceTree = "<group>"; };
		3D18058D24B109E4008E9C64 /* Alert.swift */ = {isa = PBXFileReference; fileEncoding = 4; lastKnownFileType = sourcecode.swift; path = Alert.swift; sourceTree = "<group>"; };
		3D18058E24B109E4008E9C64 /* CommonExtensions.swift */ = {isa = PBXFileReference; fileEncoding = 4; lastKnownFileType = sourcecode.swift; path = CommonExtensions.swift; sourceTree = "<group>"; };
		3D18058F24B109E4008E9C64 /* AppNavigator.swift */ = {isa = PBXFileReference; fileEncoding = 4; lastKnownFileType = sourcecode.swift; path = AppNavigator.swift; sourceTree = "<group>"; };
		3D18059024B109E4008E9C64 /* NetworkManager.swift */ = {isa = PBXFileReference; fileEncoding = 4; lastKnownFileType = sourcecode.swift; path = NetworkManager.swift; sourceTree = "<group>"; };
		3D18059124B109E4008E9C64 /* AsyncDownloadingImageView.swift */ = {isa = PBXFileReference; fileEncoding = 4; lastKnownFileType = sourcecode.swift; path = AsyncDownloadingImageView.swift; sourceTree = "<group>"; };
		3D18059324B109E4008E9C64 /* Results.swift */ = {isa = PBXFileReference; fileEncoding = 4; lastKnownFileType = sourcecode.swift; path = Results.swift; sourceTree = "<group>"; };
		3D18059524B109E4008E9C64 /* TopAlbumsListViewController.swift */ = {isa = PBXFileReference; fileEncoding = 4; lastKnownFileType = sourcecode.swift; path = TopAlbumsListViewController.swift; sourceTree = "<group>"; };
		3D18059624B109E4008E9C64 /* AlbumDetailViewController.swift */ = {isa = PBXFileReference; fileEncoding = 4; lastKnownFileType = sourcecode.swift; path = AlbumDetailViewController.swift; sourceTree = "<group>"; };
		3D18059824B109E4008E9C64 /* TopAlbumCell.swift */ = {isa = PBXFileReference; fileEncoding = 4; lastKnownFileType = sourcecode.swift; path = TopAlbumCell.swift; sourceTree = "<group>"; };
/* End PBXFileReference section */

/* Begin PBXFrameworksBuildPhase section */
		3D18057224B1093D008E9C64 /* Frameworks */ = {
			isa = PBXFrameworksBuildPhase;
			buildActionMask = 2147483647;
			files = (
			);
			runOnlyForDeploymentPostprocessing = 0;
		};
/* End PBXFrameworksBuildPhase section */

/* Begin PBXGroup section */
		3D18056C24B1093C008E9C64 = {
			isa = PBXGroup;
			children = (
				3D18057724B1093D008E9C64 /* ITunesTopAlbumDemo */,
				3D18057624B1093D008E9C64 /* Products */,
			);
			sourceTree = "<group>";
		};
		3D18057624B1093D008E9C64 /* Products */ = {
			isa = PBXGroup;
			children = (
				3D18057524B1093D008E9C64 /* ITunesTopAlbumDemo.app */,
			);
			name = Products;
			sourceTree = "<group>";
		};
		3D18057724B1093D008E9C64 /* ITunesTopAlbumDemo */ = {
			isa = PBXGroup;
			children = (
				3D18059424B109E4008E9C64 /* Controllers */,
				3D18058C24B109E4008E9C64 /* Helper Classes */,
				3D18059224B109E4008E9C64 /* Models */,
				3D18059724B109E4008E9C64 /* TableViewCells */,
				3D18057824B1093D008E9C64 /* AppDelegate.swift */,
				3D18057A24B1093D008E9C64 /* SceneDelegate.swift */,
				3D18057E24B1093D008E9C64 /* Main.storyboard */,
				3D18058124B10942008E9C64 /* Assets.xcassets */,
				3D18058324B10942008E9C64 /* LaunchScreen.storyboard */,
				3D18058624B10942008E9C64 /* Info.plist */,
			);
			path = ITunesTopAlbumDemo;
			sourceTree = "<group>";
		};
		3D18058C24B109E4008E9C64 /* Helper Classes */ = {
			isa = PBXGroup;
			children = (
				3D18058D24B109E4008E9C64 /* Alert.swift */,
				3D18058E24B109E4008E9C64 /* CommonExtensions.swift */,
				3D18058F24B109E4008E9C64 /* AppNavigator.swift */,
				3D18059024B109E4008E9C64 /* NetworkManager.swift */,
				3D18059124B109E4008E9C64 /* AsyncDownloadingImageView.swift */,
			);
			path = "Helper Classes";
			sourceTree = "<group>";
		};
		3D18059224B109E4008E9C64 /* Models */ = {
			isa = PBXGroup;
			children = (
				3D18059324B109E4008E9C64 /* Results.swift */,
			);
			path = Models;
			sourceTree = "<group>";
		};
		3D18059424B109E4008E9C64 /* Controllers */ = {
			isa = PBXGroup;
			children = (
				3D18059524B109E4008E9C64 /* TopAlbumsListViewController.swift */,
				3D18059624B109E4008E9C64 /* AlbumDetailViewController.swift */,
			);
			path = Controllers;
			sourceTree = "<group>";
		};
		3D18059724B109E4008E9C64 /* TableViewCells */ = {
			isa = PBXGroup;
			children = (
				3D18059824B109E4008E9C64 /* TopAlbumCell.swift */,
			);
			path = TableViewCells;
			sourceTree = "<group>";
		};
/* End PBXGroup section */

/* Begin PBXNativeTarget section */
		3D18057424B1093D008E9C64 /* ITunesTopAlbumDemo */ = {
			isa = PBXNativeTarget;
			buildConfigurationList = 3D18058924B10942008E9C64 /* Build configuration list for PBXNativeTarget "ITunesTopAlbumDemo" */;
			buildPhases = (
				3D18057124B1093D008E9C64 /* Sources */,
				3D18057224B1093D008E9C64 /* Frameworks */,
				3D18057324B1093D008E9C64 /* Resources */,
			);
			buildRules = (
			);
			dependencies = (
			);
			name = ITunesTopAlbumDemo;
			productName = ITunesTopAlbumDemo;
			productReference = 3D18057524B1093D008E9C64 /* ITunesTopAlbumDemo.app */;
			productType = "com.apple.product-type.application";
		};
/* End PBXNativeTarget section */

/* Begin PBXProject section */
		3D18056D24B1093C008E9C64 /* Project object */ = {
			isa = PBXProject;
			attributes = {
				LastSwiftUpdateCheck = 1140;
				LastUpgradeCheck = 1140;
				ORGANIZATIONNAME = Aarsh;
				TargetAttributes = {
					3D18057424B1093D008E9C64 = {
						CreatedOnToolsVersion = 11.4.1;
					};
				};
			};
			buildConfigurationList = 3D18057024B1093C008E9C64 /* Build configuration list for PBXProject "ITunesTopAlbumDemo" */;
			compatibilityVersion = "Xcode 9.3";
			developmentRegion = en;
			hasScannedForEncodings = 0;
			knownRegions = (
				en,
				Base,
			);
			mainGroup = 3D18056C24B1093C008E9C64;
			productRefGroup = 3D18057624B1093D008E9C64 /* Products */;
			projectDirPath = "";
			projectRoot = "";
			targets = (
				3D18057424B1093D008E9C64 /* ITunesTopAlbumDemo */,
			);
		};
/* End PBXProject section */

/* Begin PBXResourcesBuildPhase section */
		3D18057324B1093D008E9C64 /* Resources */ = {
			isa = PBXResourcesBuildPhase;
			buildActionMask = 2147483647;
			files = (
				3D18058524B10942008E9C64 /* LaunchScreen.storyboard in Resources */,
				3D18058224B10942008E9C64 /* Assets.xcassets in Resources */,
				3D18058024B1093D008E9C64 /* Main.storyboard in Resources */,
			);
			runOnlyForDeploymentPostprocessing = 0;
		};
/* End PBXResourcesBuildPhase section */

/* Begin PBXSourcesBuildPhase section */
		3D18057124B1093D008E9C64 /* Sources */ = {
			isa = PBXSourcesBuildPhase;
			buildActionMask = 2147483647;
			files = (
				3D18059D24B109E4008E9C64 /* AsyncDownloadingImageView.swift in Sources */,
				3D18059C24B109E4008E9C64 /* NetworkManager.swift in Sources */,
				3D18059E24B109E4008E9C64 /* Results.swift in Sources */,
				3D18059924B109E4008E9C64 /* Alert.swift in Sources */,
				3D18057924B1093D008E9C64 /* AppDelegate.swift in Sources */,
				3D18059A24B109E4008E9C64 /* CommonExtensions.swift in Sources */,
				3D18059B24B109E4008E9C64 /* AppNavigator.swift in Sources */,
				3D1805A024B109E4008E9C64 /* AlbumDetailViewController.swift in Sources */,
				3D1805A124B109E4008E9C64 /* TopAlbumCell.swift in Sources */,
				3D18059F24B109E4008E9C64 /* TopAlbumsListViewController.swift in Sources */,
				3D18057B24B1093D008E9C64 /* SceneDelegate.swift in Sources */,
			);
			runOnlyForDeploymentPostprocessing = 0;
		};
/* End PBXSourcesBuildPhase section */

/* Begin PBXVariantGroup section */
		3D18057E24B1093D008E9C64 /* Main.storyboard */ = {
			isa = PBXVariantGroup;
			children = (
				3D18057F24B1093D008E9C64 /* Base */,
			);
			name = Main.storyboard;
			sourceTree = "<group>";
		};
		3D18058324B10942008E9C64 /* LaunchScreen.storyboard */ = {
			isa = PBXVariantGroup;
			children = (
				3D18058424B10942008E9C64 /* Base */,
			);
			name = LaunchScreen.storyboard;
			sourceTree = "<group>";
		};
/* End PBXVariantGroup section */

/* Begin XCBuildConfiguration section */
		3D18058724B10942008E9C64 /* Debug */ = {
			isa = XCBuildConfiguration;
			buildSettings = {
				ALWAYS_SEARCH_USER_PATHS = NO;
				CLANG_ANALYZER_NONNULL = YES;
				CLANG_ANALYZER_NUMBER_OBJECT_CONVERSION = YES_AGGRESSIVE;
				CLANG_CXX_LANGUAGE_STANDARD = "gnu++14";
				CLANG_CXX_LIBRARY = "libc++";
				CLANG_ENABLE_MODULES = YES;
				CLANG_ENABLE_OBJC_ARC = YES;
				CLANG_ENABLE_OBJC_WEAK = YES;
				CLANG_WARN_BLOCK_CAPTURE_AUTORELEASING = YES;
				CLANG_WARN_BOOL_CONVERSION = YES;
				CLANG_WARN_COMMA = YES;
				CLANG_WARN_CONSTANT_CONVERSION = YES;
				CLANG_WARN_DEPRECATED_OBJC_IMPLEMENTATIONS = YES;
				CLANG_WARN_DIRECT_OBJC_ISA_USAGE = YES_ERROR;
				CLANG_WARN_DOCUMENTATION_COMMENTS = YES;
				CLANG_WARN_EMPTY_BODY = YES;
				CLANG_WARN_ENUM_CONVERSION = YES;
				CLANG_WARN_INFINITE_RECURSION = YES;
				CLANG_WARN_INT_CONVERSION = YES;
				CLANG_WARN_NON_LITERAL_NULL_CONVERSION = YES;
				CLANG_WARN_OBJC_IMPLICIT_RETAIN_SELF = YES;
				CLANG_WARN_OBJC_LITERAL_CONVERSION = YES;
				CLANG_WARN_OBJC_ROOT_CLASS = YES_ERROR;
				CLANG_WARN_RANGE_LOOP_ANALYSIS = YES;
				CLANG_WARN_STRICT_PROTOTYPES = YES;
				CLANG_WARN_SUSPICIOUS_MOVE = YES;
				CLANG_WARN_UNGUARDED_AVAILABILITY = YES_AGGRESSIVE;
				CLANG_WARN_UNREACHABLE_CODE = YES;
				CLANG_WARN__DUPLICATE_METHOD_MATCH = YES;
				COPY_PHASE_STRIP = NO;
				DEBUG_INFORMATION_FORMAT = dwarf;
				ENABLE_STRICT_OBJC_MSGSEND = YES;
				ENABLE_TESTABILITY = YES;
				GCC_C_LANGUAGE_STANDARD = gnu11;
				GCC_DYNAMIC_NO_PIC = NO;
				GCC_NO_COMMON_BLOCKS = YES;
				GCC_OPTIMIZATION_LEVEL = 0;
				GCC_PREPROCESSOR_DEFINITIONS = (
					"DEBUG=1",
					"$(inherited)",
				);
				GCC_WARN_64_TO_32_BIT_CONVERSION = YES;
				GCC_WARN_ABOUT_RETURN_TYPE = YES_ERROR;
				GCC_WARN_UNDECLARED_SELECTOR = YES;
				GCC_WARN_UNINITIALIZED_AUTOS = YES_AGGRESSIVE;
				GCC_WARN_UNUSED_FUNCTION = YES;
				GCC_WARN_UNUSED_VARIABLE = YES;
				IPHONEOS_DEPLOYMENT_TARGET = 13.4;
				MTL_ENABLE_DEBUG_INFO = INCLUDE_SOURCE;
				MTL_FAST_MATH = YES;
				ONLY_ACTIVE_ARCH = YES;
				SDKROOT = iphoneos;
				SWIFT_ACTIVE_COMPILATION_CONDITIONS = DEBUG;
				SWIFT_OPTIMIZATION_LEVEL = "-Onone";
			};
			name = Debug;
		};
		3D18058824B10942008E9C64 /* Release */ = {
			isa = XCBuildConfiguration;
			buildSettings = {
				ALWAYS_SEARCH_USER_PATHS = NO;
				CLANG_ANALYZER_NONNULL = YES;
				CLANG_ANALYZER_NUMBER_OBJECT_CONVERSION = YES_AGGRESSIVE;
				CLANG_CXX_LANGUAGE_STANDARD = "gnu++14";
				CLANG_CXX_LIBRARY = "libc++";
				CLANG_ENABLE_MODULES = YES;
				CLANG_ENABLE_OBJC_ARC = YES;
				CLANG_ENABLE_OBJC_WEAK = YES;
				CLANG_WARN_BLOCK_CAPTURE_AUTORELEASING = YES;
				CLANG_WARN_BOOL_CONVERSION = YES;
				CLANG_WARN_COMMA = YES;
				CLANG_WARN_CONSTANT_CONVERSION = YES;
				CLANG_WARN_DEPRECATED_OBJC_IMPLEMENTATIONS = YES;
				CLANG_WARN_DIRECT_OBJC_ISA_USAGE = YES_ERROR;
				CLANG_WARN_DOCUMENTATION_COMMENTS = YES;
				CLANG_WARN_EMPTY_BODY = YES;
				CLANG_WARN_ENUM_CONVERSION = YES;
				CLANG_WARN_INFINITE_RECURSION = YES;
				CLANG_WARN_INT_CONVERSION = YES;
				CLANG_WARN_NON_LITERAL_NULL_CONVERSION = YES;
				CLANG_WARN_OBJC_IMPLICIT_RETAIN_SELF = YES;
				CLANG_WARN_OBJC_LITERAL_CONVERSION = YES;
				CLANG_WARN_OBJC_ROOT_CLASS = YES_ERROR;
				CLANG_WARN_RANGE_LOOP_ANALYSIS = YES;
				CLANG_WARN_STRICT_PROTOTYPES = YES;
				CLANG_WARN_SUSPICIOUS_MOVE = YES;
				CLANG_WARN_UNGUARDED_AVAILABILITY = YES_AGGRESSIVE;
				CLANG_WARN_UNREACHABLE_CODE = YES;
				CLANG_WARN__DUPLICATE_METHOD_MATCH = YES;
				COPY_PHASE_STRIP = NO;
				DEBUG_INFORMATION_FORMAT = "dwarf-with-dsym";
				ENABLE_NS_ASSERTIONS = NO;
				ENABLE_STRICT_OBJC_MSGSEND = YES;
				GCC_C_LANGUAGE_STANDARD = gnu11;
				GCC_NO_COMMON_BLOCKS = YES;
				GCC_WARN_64_TO_32_BIT_CONVERSION = YES;
				GCC_WARN_ABOUT_RETURN_TYPE = YES_ERROR;
				GCC_WARN_UNDECLARED_SELECTOR = YES;
				GCC_WARN_UNINITIALIZED_AUTOS = YES_AGGRESSIVE;
				GCC_WARN_UNUSED_FUNCTION = YES;
				GCC_WARN_UNUSED_VARIABLE = YES;
				IPHONEOS_DEPLOYMENT_TARGET = 13.4;
				MTL_ENABLE_DEBUG_INFO = NO;
				MTL_FAST_MATH = YES;
				SDKROOT = iphoneos;
				SWIFT_COMPILATION_MODE = wholemodule;
				SWIFT_OPTIMIZATION_LEVEL = "-O";
				VALIDATE_PRODUCT = YES;
			};
			name = Release;
		};
		3D18058A24B10942008E9C64 /* Debug */ = {
			isa = XCBuildConfiguration;
			buildSettings = {
				ASSETCATALOG_COMPILER_APPICON_NAME = AppIcon;
				CODE_SIGN_STYLE = Automatic;
				DEVELOPMENT_TEAM = 5QYMX3NEH3;
				INFOPLIST_FILE = ITunesTopAlbumDemo/Info.plist;
				LD_RUNPATH_SEARCH_PATHS = (
					"$(inherited)",
					"@executable_path/Frameworks",
				);
				PRODUCT_BUNDLE_IDENTIFIER = com.shreenath.ITunesTopAlbumDemo;
				PRODUCT_NAME = "$(TARGET_NAME)";
				SWIFT_VERSION = 5.0;
				TARGETED_DEVICE_FAMILY = "1,2";
			};
			name = Debug;
		};
		3D18058B24B10942008E9C64 /* Release */ = {
			isa = XCBuildConfiguration;
			buildSettings = {
				ASSETCATALOG_COMPILER_APPICON_NAME = AppIcon;
				CODE_SIGN_STYLE = Automatic;
				DEVELOPMENT_TEAM = 5QYMX3NEH3;
				INFOPLIST_FILE = ITunesTopAlbumDemo/Info.plist;
				LD_RUNPATH_SEARCH_PATHS = (
					"$(inherited)",
					"@executable_path/Frameworks",
				);
				PRODUCT_BUNDLE_IDENTIFIER = com.shreenath.ITunesTopAlbumDemo;
				PRODUCT_NAME = "$(TARGET_NAME)";
				SWIFT_VERSION = 5.0;
				TARGETED_DEVICE_FAMILY = "1,2";
			};
			name = Release;
		};
/* End XCBuildConfiguration section */

/* Begin XCConfigurationList section */
		3D18057024B1093C008E9C64 /* Build configuration list for PBXProject "ITunesTopAlbumDemo" */ = {
			isa = XCConfigurationList;
			buildConfigurations = (
				3D18058724B10942008E9C64 /* Debug */,
				3D18058824B10942008E9C64 /* Release */,
			);
			defaultConfigurationIsVisible = 0;
			defaultConfigurationName = Release;
		};
		3D18058924B10942008E9C64 /* Build configuration list for PBXNativeTarget "ITunesTopAlbumDemo" */ = {
			isa = XCConfigurationList;
			buildConfigurations = (
				3D18058A24B10942008E9C64 /* Debug */,
				3D18058B24B10942008E9C64 /* Release */,
			);
			defaultConfigurationIsVisible = 0;
			defaultConfigurationName = Release;
		};
/* End XCConfigurationList section */
	};
	rootObject = 3D18056D24B1093C008E9C64 /* Project object */;
}
